{
    "name": "SHPS4Node-auth",
    "version": "2.0.0",
    "lockfileVersion": 1,
    "dependencies": {
        "extsprintf": {
            "version": "1.2.0",
            "resolved": "https://registry.npmjs.org/extsprintf/-/extsprintf-1.2.0.tgz",
            "integrity": "sha1-WtlGwi9bMrp/jNdCZxHG6KP8JSk="
        },
        "node-mod-load": {
            "version": "3.1.0",
            "resolved": "https://registry.npmjs.org/node-mod-load/-/node-mod-load-3.1.0.tgz",
            "integrity": "sha1-2JvweVwCHOQYzfRrzBuEq2XWAoU="
        },
        "promise-defer": {
            "version": "1.0.0",
            "resolved": "https://registry.npmjs.org/promise-defer/-/promise-defer-1.0.0.tgz",
            "integrity": "sha1-JagJPxm6tAxiqORkyX0E/kzcCiQ="
        },
        "vasync": {
            "version": "1.6.4",
            "resolved": "https://registry.npmjs.org/vasync/-/vasync-1.6.4.tgz",
            "integrity": "sha1-3+k2Fq0OeugBszKp2Iv8XNyOHR8="
        },
        "verror": {
            "version": "1.6.0",
            "resolved": "https://registry.npmjs.org/verror/-/verror-1.6.0.tgz",
            "integrity": "sha1-fROyex+swuLakEBetepuW90lLqU="
        }
    }
}
